// !$*UTF8*$!
{
	archiveVersion = 1;
	classes = {
	};
	objectVersion = 77;
	objects = {

/* Begin PBXBuildFile section */
		E66A53752EF7589B0013A0E4 /* speckit.constitution.agent.md in Resources */ = {isa = PBXBuildFile; fileRef = E66A53532EF7589B0013A0E4 /* speckit.constitution.agent.md */; };
		E66A53762EF7589B0013A0E4 /* speckit.analyze.agent.md in Resources */ = {isa = PBXBuildFile; fileRef = E66A53502EF7589B0013A0E4 /* speckit.analyze.agent.md */; };
		E66A53772EF7589B0013A0E4 /* setup-plan.sh in Resources */ = {isa = PBXBuildFile; fileRef = E66A536A2EF7589B0013A0E4 /* setup-plan.sh */; };
		E66A53782EF7589B0013A0E4 /* check-prerequisites.sh in Resources */ = {isa = PBXBuildFile; fileRef = E66A53672EF7589B0013A0E4 /* check-prerequisites.sh */; };
		E66A53792EF7589B0013A0E4 /* speckit.constitution.prompt.md in Resources */ = {isa = PBXBuildFile; fileRef = E66A535D2EF7589B0013A0E4 /* speckit.constitution.prompt.md */; };
		E66A537A2EF7589B0013A0E4 /* speckit.specify.prompt.md in Resources */ = {isa = PBXBuildFile; fileRef = E66A53602EF7589B0013A0E4 /* speckit.specify.prompt.md */; };
		E66A537B2EF7589B0013A0E4 /* speckit.tasks.agent.md in Resources */ = {isa = PBXBuildFile; fileRef = E66A53572EF7589B0013A0E4 /* speckit.tasks.agent.md */; };
		E66A537C2EF7589B0013A0E4 /* speckit.specify.agent.md in Resources */ = {isa = PBXBuildFile; fileRef = E66A53562EF7589B0013A0E4 /* speckit.specify.agent.md */; };
		E66A537D2EF7589B0013A0E4 /* tasks-template.md in Resources */ = {isa = PBXBuildFile; fileRef = E66A53722EF7589B0013A0E4 /* tasks-template.md */; };
		E66A537E2EF7589B0013A0E4 /* speckit.tasks.prompt.md in Resources */ = {isa = PBXBuildFile; fileRef = E66A53612EF7589B0013A0E4 /* speckit.tasks.prompt.md */; };
		E66A537F2EF7589B0013A0E4 /* speckit.implement.agent.md in Resources */ = {isa = PBXBuildFile; fileRef = E66A53542EF7589B0013A0E4 /* speckit.implement.agent.md */; };
		E66A53802EF7589B0013A0E4 /* agent-file-template.md in Resources */ = {isa = PBXBuildFile; fileRef = E66A536E2EF7589B0013A0E4 /* agent-file-template.md */; };
		E66A53812EF7589B0013A0E4 /* speckit.plan.agent.md in Resources */ = {isa = PBXBuildFile; fileRef = E66A53552EF7589B0013A0E4 /* speckit.plan.agent.md */; };
		E66A53822EF7589B0013A0E4 /* speckit.plan.prompt.md in Resources */ = {isa = PBXBuildFile; fileRef = E66A535F2EF7589B0013A0E4 /* speckit.plan.prompt.md */; };
		E66A53832EF7589B0013A0E4 /* speckit.implement.prompt.md in Resources */ = {isa = PBXBuildFile; fileRef = E66A535E2EF7589B0013A0E4 /* speckit.implement.prompt.md */; };
		E66A53842EF7589B0013A0E4 /* update-agent-context.sh in Resources */ = {isa = PBXBuildFile; fileRef = E66A536B2EF7589B0013A0E4 /* update-agent-context.sh */; };
		E66A53852EF7589B0013A0E4 /* speckit.checklist.agent.md in Resources */ = {isa = PBXBuildFile; fileRef = E66A53512EF7589B0013A0E4 /* speckit.checklist.agent.md */; };
		E66A53862EF7589B0013A0E4 /* speckit.checklist.prompt.md in Resources */ = {isa = PBXBuildFile; fileRef = E66A535B2EF7589B0013A0E4 /* speckit.checklist.prompt.md */; };
		E66A53872EF7589B0013A0E4 /* speckit.taskstoissues.prompt.md in Resources */ = {isa = PBXBuildFile; fileRef = E66A53622EF7589B0013A0E4 /* speckit.taskstoissues.prompt.md */; };
		E66A53882EF7589B0013A0E4 /* create-new-feature.sh in Resources */ = {isa = PBXBuildFile; fileRef = E66A53692EF7589B0013A0E4 /* create-new-feature.sh */; };
		E66A53892EF7589B0013A0E4 /* speckit.clarify.prompt.md in Resources */ = {isa = PBXBuildFile; fileRef = E66A535C2EF7589B0013A0E4 /* speckit.clarify.prompt.md */; };
		E66A538A2EF7589B0013A0E4 /* checklist-template.md in Resources */ = {isa = PBXBuildFile; fileRef = E66A536F2EF7589B0013A0E4 /* checklist-template.md */; };
		E66A538B2EF7589B0013A0E4 /* spec-template.md in Resources */ = {isa = PBXBuildFile; fileRef = E66A53712EF7589B0013A0E4 /* spec-template.md */; };
		E66A538C2EF7589B0013A0E4 /* constitution.md in Resources */ = {isa = PBXBuildFile; fileRef = E66A53652EF7589B0013A0E4 /* constitution.md */; };
		E66A538D2EF7589B0013A0E4 /* speckit.clarify.agent.md in Resources */ = {isa = PBXBuildFile; fileRef = E66A53522EF7589B0013A0E4 /* speckit.clarify.agent.md */; };
		E66A538E2EF7589B0013A0E4 /* speckit.taskstoissues.agent.md in Resources */ = {isa = PBXBuildFile; fileRef = E66A53582EF7589B0013A0E4 /* speckit.taskstoissues.agent.md */; };
		E66A538F2EF7589B0013A0E4 /* plan-template.md in Resources */ = {isa = PBXBuildFile; fileRef = E66A53702EF7589B0013A0E4 /* plan-template.md */; };
		E66A53902EF7589B0013A0E4 /* common.sh in Resources */ = {isa = PBXBuildFile; fileRef = E66A53682EF7589B0013A0E4 /* common.sh */; };
		E66A53912EF7589B0013A0E4 /* speckit.analyze.prompt.md in Resources */ = {isa = PBXBuildFile; fileRef = E66A535A2EF7589B0013A0E4 /* speckit.analyze.prompt.md */; };
/* End PBXBuildFile section */

/* Begin PBXContainerItemProxy section */
		E66A53342EF757640013A0E4 /* PBXContainerItemProxy */ = {
			isa = PBXContainerItemProxy;
			containerPortal = E66A531E2EF757630013A0E4 /* Project object */;
			proxyType = 1;
			remoteGlobalIDString = E66A53252EF757630013A0E4;
			remoteInfo = BumbumNaNuca;
		};
		E66A533E2EF757640013A0E4 /* PBXContainerItemProxy */ = {
			isa = PBXContainerItemProxy;
			containerPortal = E66A531E2EF757630013A0E4 /* Project object */;
			proxyType = 1;
			remoteGlobalIDString = E66A53252EF757630013A0E4;
			remoteInfo = BumbumNaNuca;
		};
/* End PBXContainerItemProxy section */

/* Begin PBXFileReference section */
		E66A53262EF757630013A0E4 /* BumbumNaNuca.app */ = {isa = PBXFileReference; explicitFileType = wrapper.application; includeInIndex = 0; path = BumbumNaNuca.app; sourceTree = BUILT_PRODUCTS_DIR; };
		E66A53332EF757640013A0E4 /* BumbumNaNucaTests.xctest */ = {isa = PBXFileReference; explicitFileType = wrapper.cfbundle; includeInIndex = 0; path = BumbumNaNucaTests.xctest; sourceTree = BUILT_PRODUCTS_DIR; };
		E66A533D2EF757640013A0E4 /* BumbumNaNucaUITests.xctest */ = {isa = PBXFileReference; explicitFileType = wrapper.cfbundle; includeInIndex = 0; path = BumbumNaNucaUITests.xctest; sourceTree = BUILT_PRODUCTS_DIR; };
		E66A53502EF7589B0013A0E4 /* speckit.analyze.agent.md */ = {isa = PBXFileReference; lastKnownFileType = net.daringfireball.markdown; path = speckit.analyze.agent.md; sourceTree = "<group>"; };
		E66A53512EF7589B0013A0E4 /* speckit.checklist.agent.md */ = {isa = PBXFileReference; lastKnownFileType = net.daringfireball.markdown; path = speckit.checklist.agent.md; sourceTree = "<group>"; };
		E66A53522EF7589B0013A0E4 /* speckit.clarify.agent.md */ = {isa = PBXFileReference; lastKnownFileType = net.daringfireball.markdown; path = speckit.clarify.agent.md; sourceTree = "<group>"; };
		E66A53532EF7589B0013A0E4 /* speckit.constitution.agent.md */ = {isa = PBXFileReference; lastKnownFileType = net.daringfireball.markdown; path = speckit.constitution.agent.md; sourceTree = "<group>"; };
		E66A53542EF7589B0013A0E4 /* speckit.implement.agent.md */ = {isa = PBXFileReference; lastKnownFileType = net.daringfireball.markdown; path = speckit.implement.agent.md; sourceTree = "<group>"; };
		E66A53552EF7589B0013A0E4 /* speckit.plan.agent.md */ = {isa = PBXFileReference; lastKnownFileType = net.daringfireball.markdown; path = speckit.plan.agent.md; sourceTree = "<group>"; };
		E66A53562EF7589B0013A0E4 /* speckit.specify.agent.md */ = {isa = PBXFileReference; lastKnownFileType = net.daringfireball.markdown; path = speckit.specify.agent.md; sourceTree = "<group>"; };
		E66A53572EF7589B0013A0E4 /* speckit.tasks.agent.md */ = {isa = PBXFileReference; lastKnownFileType = net.daringfireball.markdown; path = speckit.tasks.agent.md; sourceTree = "<group>"; };
		E66A53582EF7589B0013A0E4 /* speckit.taskstoissues.agent.md */ = {isa = PBXFileReference; lastKnownFileType = net.daringfireball.markdown; path = speckit.taskstoissues.agent.md; sourceTree = "<group>"; };
		E66A535A2EF7589B0013A0E4 /* speckit.analyze.prompt.md */ = {isa = PBXFileReference; lastKnownFileType = net.daringfireball.markdown; path = speckit.analyze.prompt.md; sourceTree = "<group>"; };
		E66A535B2EF7589B0013A0E4 /* speckit.checklist.prompt.md */ = {isa = PBXFileReference; lastKnownFileType = net.daringfireball.markdown; path = speckit.checklist.prompt.md; sourceTree = "<group>"; };
		E66A535C2EF7589B0013A0E4 /* speckit.clarify.prompt.md */ = {isa = PBXFileReference; lastKnownFileType = net.daringfireball.markdown; path = speckit.clarify.prompt.md; sourceTree = "<group>"; };
		E66A535D2EF7589B0013A0E4 /* speckit.constitution.prompt.md */ = {isa = PBXFileReference; lastKnownFileType = net.daringfireball.markdown; path = speckit.constitution.prompt.md; sourceTree = "<group>"; };
		E66A535E2EF7589B0013A0E4 /* speckit.implement.prompt.md */ = {isa = PBXFileReference; lastKnownFileType = net.daringfireball.markdown; path = speckit.implement.prompt.md; sourceTree = "<group>"; };
		E66A535F2EF7589B0013A0E4 /* speckit.plan.prompt.md */ = {isa = PBXFileReference; lastKnownFileType = net.daringfireball.markdown; path = speckit.plan.prompt.md; sourceTree = "<group>"; };
		E66A53602EF7589B0013A0E4 /* speckit.specify.prompt.md */ = {isa = PBXFileReference; lastKnownFileType = net.daringfireball.markdown; path = speckit.specify.prompt.md; sourceTree = "<group>"; };
		E66A53612EF7589B0013A0E4 /* speckit.tasks.prompt.md */ = {isa = PBXFileReference; lastKnownFileType = net.daringfireball.markdown; path = speckit.tasks.prompt.md; sourceTree = "<group>"; };
		E66A53622EF7589B0013A0E4 /* speckit.taskstoissues.prompt.md */ = {isa = PBXFileReference; lastKnownFileType = net.daringfireball.markdown; path = speckit.taskstoissues.prompt.md; sourceTree = "<group>"; };
		E66A53652EF7589B0013A0E4 /* constitution.md */ = {isa = PBXFileReference; lastKnownFileType = net.daringfireball.markdown; path = constitution.md; sourceTree = "<group>"; };
		E66A53672EF7589B0013A0E4 /* check-prerequisites.sh */ = {isa = PBXFileReference; lastKnownFileType = text.script.sh; path = "check-prerequisites.sh"; sourceTree = "<group>"; };
		E66A53682EF7589B0013A0E4 /* common.sh */ = {isa = PBXFileReference; lastKnownFileType = text.script.sh; path = common.sh; sourceTree = "<group>"; };
		E66A53692EF7589B0013A0E4 /* create-new-feature.sh */ = {isa = PBXFileReference; lastKnownFileType = text.script.sh; path = "create-new-feature.sh"; sourceTree = "<group>"; };
		E66A536A2EF7589B0013A0E4 /* setup-plan.sh */ = {isa = PBXFileReference; lastKnownFileType = text.script.sh; path = "setup-plan.sh"; sourceTree = "<group>"; };
		E66A536B2EF7589B0013A0E4 /* update-agent-context.sh */ = {isa = PBXFileReference; lastKnownFileType = text.script.sh; path = "update-agent-context.sh"; sourceTree = "<group>"; };
		E66A536E2EF7589B0013A0E4 /* agent-file-template.md */ = {isa = PBXFileReference; lastKnownFileType = net.daringfireball.markdown; path = "agent-file-template.md"; sourceTree = "<group>"; };
		E66A536F2EF7589B0013A0E4 /* checklist-template.md */ = {isa = PBXFileReference; lastKnownFileType = net.daringfireball.markdown; path = "checklist-template.md"; sourceTree = "<group>"; };
		E66A53702EF7589B0013A0E4 /* plan-template.md */ = {isa = PBXFileReference; lastKnownFileType = net.daringfireball.markdown; path = "plan-template.md"; sourceTree = "<group>"; };
		E66A53712EF7589B0013A0E4 /* spec-template.md */ = {isa = PBXFileReference; lastKnownFileType = net.daringfireball.markdown; path = "spec-template.md"; sourceTree = "<group>"; };
		E66A53722EF7589B0013A0E4 /* tasks-template.md */ = {isa = PBXFileReference; lastKnownFileType = net.daringfireball.markdown; path = "tasks-template.md"; sourceTree = "<group>"; };
/* End PBXFileReference section */

/* Begin PBXFileSystemSynchronizedRootGroup section */
		E66A53282EF757630013A0E4 /* BumbumNaNuca */ = {
			isa = PBXFileSystemSynchronizedRootGroup;
			path = BumbumNaNuca;
			sourceTree = "<group>";
		};
		E66A53362EF757640013A0E4 /* BumbumNaNucaTests */ = {
			isa = PBXFileSystemSynchronizedRootGroup;
			path = BumbumNaNucaTests;
			sourceTree = "<group>";
		};
		E66A53402EF757640013A0E4 /* BumbumNaNucaUITests */ = {
			isa = PBXFileSystemSynchronizedRootGroup;
			path = BumbumNaNucaUITests;
			sourceTree = "<group>";
		};
/* End PBXFileSystemSynchronizedRootGroup section */

/* Begin PBXFrameworksBuildPhase section */
		E66A53232EF757630013A0E4 /* Frameworks */ = {
			isa = PBXFrameworksBuildPhase;
			buildActionMask = 2147483647;
			files = (
			);
			runOnlyForDeploymentPostprocessing = 0;
		};
		E66A53302EF757640013A0E4 /* Frameworks */ = {
			isa = PBXFrameworksBuildPhase;
			buildActionMask = 2147483647;
			files = (
			);
			runOnlyForDeploymentPostprocessing = 0;
		};
		E66A533A2EF757640013A0E4 /* Frameworks */ = {
			isa = PBXFrameworksBuildPhase;
			buildActionMask = 2147483647;
			files = (
			);
			runOnlyForDeploymentPostprocessing = 0;
		};
/* End PBXFrameworksBuildPhase section */

/* Begin PBXGroup section */
		E66A531D2EF757630013A0E4 = {
			isa = PBXGroup;
			children = (
				E66A53642EF7589B0013A0E4 /* .github */,
				E66A53742EF7589B0013A0E4 /* .specify */,
				E66A53282EF757630013A0E4 /* BumbumNaNuca */,
				E66A53362EF757640013A0E4 /* BumbumNaNucaTests */,
				E66A53402EF757640013A0E4 /* BumbumNaNucaUITests */,
				E66A53272EF757630013A0E4 /* Products */,
			);
			sourceTree = "<group>";
		};
		E66A53272EF757630013A0E4 /* Products */ = {
			isa = PBXGroup;
			children = (
				E66A53262EF757630013A0E4 /* BumbumNaNuca.app */,
				E66A53332EF757640013A0E4 /* BumbumNaNucaTests.xctest */,
				E66A533D2EF757640013A0E4 /* BumbumNaNucaUITests.xctest */,
			);
			name = Products;
			sourceTree = "<group>";
		};
		E66A53592EF7589B0013A0E4 /* agents */ = {
			isa = PBXGroup;
			children = (
				E66A53502EF7589B0013A0E4 /* speckit.analyze.agent.md */,
				E66A53512EF7589B0013A0E4 /* speckit.checklist.agent.md */,
				E66A53522EF7589B0013A0E4 /* speckit.clarify.agent.md */,
				E66A53532EF7589B0013A0E4 /* speckit.constitution.agent.md */,
				E66A53542EF7589B0013A0E4 /* speckit.implement.agent.md */,
				E66A53552EF7589B0013A0E4 /* speckit.plan.agent.md */,
				E66A53562EF7589B0013A0E4 /* speckit.specify.agent.md */,
				E66A53572EF7589B0013A0E4 /* speckit.tasks.agent.md */,
				E66A53582EF7589B0013A0E4 /* speckit.taskstoissues.agent.md */,
			);
			path = agents;
			sourceTree = "<group>";
		};
		E66A53632EF7589B0013A0E4 /* prompts */ = {
			isa = PBXGroup;
			children = (
				E66A535A2EF7589B0013A0E4 /* speckit.analyze.prompt.md */,
				E66A535B2EF7589B0013A0E4 /* speckit.checklist.prompt.md */,
				E66A535C2EF7589B0013A0E4 /* speckit.clarify.prompt.md */,
				E66A535D2EF7589B0013A0E4 /* speckit.constitution.prompt.md */,
				E66A535E2EF7589B0013A0E4 /* speckit.implement.prompt.md */,
				E66A535F2EF7589B0013A0E4 /* speckit.plan.prompt.md */,
				E66A53602EF7589B0013A0E4 /* speckit.specify.prompt.md */,
				E66A53612EF7589B0013A0E4 /* speckit.tasks.prompt.md */,
				E66A53622EF7589B0013A0E4 /* speckit.taskstoissues.prompt.md */,
			);
			path = prompts;
			sourceTree = "<group>";
		};
		E66A53642EF7589B0013A0E4 /* .github */ = {
			isa = PBXGroup;
			children = (
				E66A53592EF7589B0013A0E4 /* agents */,
				E66A53632EF7589B0013A0E4 /* prompts */,
			);
			path = .github;
			sourceTree = "<group>";
		};
		E66A53662EF7589B0013A0E4 /* memory */ = {
			isa = PBXGroup;
			children = (
				E66A53652EF7589B0013A0E4 /* constitution.md */,
			);
			path = memory;
			sourceTree = "<group>";
		};
		E66A536C2EF7589B0013A0E4 /* bash */ = {
			isa = PBXGroup;
			children = (
				E66A53672EF7589B0013A0E4 /* check-prerequisites.sh */,
				E66A53682EF7589B0013A0E4 /* common.sh */,
				E66A53692EF7589B0013A0E4 /* create-new-feature.sh */,
				E66A536A2EF7589B0013A0E4 /* setup-plan.sh */,
				E66A536B2EF7589B0013A0E4 /* update-agent-context.sh */,
			);
			path = bash;
			sourceTree = "<group>";
		};
		E66A536D2EF7589B0013A0E4 /* scripts */ = {
			isa = PBXGroup;
			children = (
				E66A536C2EF7589B0013A0E4 /* bash */,
			);
			path = scripts;
			sourceTree = "<group>";
		};
		E66A53732EF7589B0013A0E4 /* templates */ = {
			isa = PBXGroup;
			children = (
				E66A536E2EF7589B0013A0E4 /* agent-file-template.md */,
				E66A536F2EF7589B0013A0E4 /* checklist-template.md */,
				E66A53702EF7589B0013A0E4 /* plan-template.md */,
				E66A53712EF7589B0013A0E4 /* spec-template.md */,
				E66A53722EF7589B0013A0E4 /* tasks-template.md */,
			);
			path = templates;
			sourceTree = "<group>";
		};
		E66A53742EF7589B0013A0E4 /* .specify */ = {
			isa = PBXGroup;
			children = (
				E66A53662EF7589B0013A0E4 /* memory */,
				E66A536D2EF7589B0013A0E4 /* scripts */,
				E66A53732EF7589B0013A0E4 /* templates */,
			);
			path = .specify;
			sourceTree = "<group>";
		};
/* End PBXGroup section */

/* Begin PBXNativeTarget section */
		E66A53252EF757630013A0E4 /* BumbumNaNuca */ = {
			isa = PBXNativeTarget;
			buildConfigurationList = E66A53472EF757640013A0E4 /* Build configuration list for PBXNativeTarget "BumbumNaNuca" */;
			buildPhases = (
				E66A53222EF757630013A0E4 /* Sources */,
				E66A53232EF757630013A0E4 /* Frameworks */,
				E66A53242EF757630013A0E4 /* Resources */,
			);
			buildRules = (
			);
			dependencies = (
			);
			fileSystemSynchronizedGroups = (
				E66A53282EF757630013A0E4 /* BumbumNaNuca */,
			);
			name = BumbumNaNuca;
			packageProductDependencies = (
			);
			productName = BumbumNaNuca;
			productReference = E66A53262EF757630013A0E4 /* BumbumNaNuca.app */;
			productType = "com.apple.product-type.application";
		};
		E66A53322EF757640013A0E4 /* BumbumNaNucaTests */ = {
			isa = PBXNativeTarget;
			buildConfigurationList = E66A534A2EF757640013A0E4 /* Build configuration list for PBXNativeTarget "BumbumNaNucaTests" */;
			buildPhases = (
				E66A532F2EF757640013A0E4 /* Sources */,
				E66A53302EF757640013A0E4 /* Frameworks */,
				E66A53312EF757640013A0E4 /* Resources */,
			);
			buildRules = (
			);
			dependencies = (
				E66A53352EF757640013A0E4 /* PBXTargetDependency */,
			);
			fileSystemSynchronizedGroups = (
				E66A53362EF757640013A0E4 /* BumbumNaNucaTests */,
			);
			name = BumbumNaNucaTests;
			packageProductDependencies = (
			);
			productName = BumbumNaNucaTests;
			productReference = E66A53332EF757640013A0E4 /* BumbumNaNucaTests.xctest */;
			productType = "com.apple.product-type.bundle.unit-test";
		};
		E66A533C2EF757640013A0E4 /* BumbumNaNucaUITests */ = {
			isa = PBXNativeTarget;
			buildConfigurationList = E66A534D2EF757640013A0E4 /* Build configuration list for PBXNativeTarget "BumbumNaNucaUITests" */;
			buildPhases = (
				E66A53392EF757640013A0E4 /* Sources */,
				E66A533A2EF757640013A0E4 /* Frameworks */,
				E66A533B2EF757640013A0E4 /* Resources */,
			);
			buildRules = (
			);
			dependencies = (
				E66A533F2EF757640013A0E4 /* PBXTargetDependency */,
			);
			fileSystemSynchronizedGroups = (
				E66A53402EF757640013A0E4 /* BumbumNaNucaUITests */,
			);
			name = BumbumNaNucaUITests;
			packageProductDependencies = (
			);
			productName = BumbumNaNucaUITests;
			productReference = E66A533D2EF757640013A0E4 /* BumbumNaNucaUITests.xctest */;
			productType = "com.apple.product-type.bundle.ui-testing";
		};
/* End PBXNativeTarget section */

/* Begin PBXProject section */
		E66A531E2EF757630013A0E4 /* Project object */ = {
			isa = PBXProject;
			attributes = {
				BuildIndependentTargetsInParallel = 1;
				LastSwiftUpdateCheck = 2620;
				LastUpgradeCheck = 2620;
				TargetAttributes = {
					E66A53252EF757630013A0E4 = {
						CreatedOnToolsVersion = 26.2;
					};
					E66A53322EF757640013A0E4 = {
						CreatedOnToolsVersion = 26.2;
						TestTargetID = E66A53252EF757630013A0E4;
					};
					E66A533C2EF757640013A0E4 = {
						CreatedOnToolsVersion = 26.2;
						TestTargetID = E66A53252EF757630013A0E4;
					};
				};
			};
			buildConfigurationList = E66A53212EF757630013A0E4 /* Build configuration list for PBXProject "BumbumNaNuca" */;
			developmentRegion = en;
			hasScannedForEncodings = 0;
			knownRegions = (
				en,
				Base,
			);
			mainGroup = E66A531D2EF757630013A0E4;
			minimizedProjectReferenceProxies = 1;
			preferredProjectObjectVersion = 77;
			productRefGroup = E66A53272EF757630013A0E4 /* Products */;
			projectDirPath = "";
			projectRoot = "";
			targets = (
				E66A53252EF757630013A0E4 /* BumbumNaNuca */,
				E66A53322EF757640013A0E4 /* BumbumNaNucaTests */,
				E66A533C2EF757640013A0E4 /* BumbumNaNucaUITests */,
			);
		};
/* End PBXProject section */

/* Begin PBXResourcesBuildPhase section */
		E66A53242EF757630013A0E4 /* Resources */ = {
			isa = PBXResourcesBuildPhase;
			buildActionMask = 2147483647;
			files = (
				E66A53752EF7589B0013A0E4 /* speckit.constitution.agent.md in Resources */,
				E66A53762EF7589B0013A0E4 /* speckit.analyze.agent.md in Resources */,
				E66A53772EF7589B0013A0E4 /* setup-plan.sh in Resources */,
				E66A53782EF7589B0013A0E4 /* check-prerequisites.sh in Resources */,
				E66A53792EF7589B0013A0E4 /* speckit.constitution.prompt.md in Resources */,
				E66A537A2EF7589B0013A0E4 /* speckit.specify.prompt.md in Resources */,
				E66A537B2EF7589B0013A0E4 /* speckit.tasks.agent.md in Resources */,
				E66A537C2EF7589B0013A0E4 /* speckit.specify.agent.md in Resources */,
				E66A537D2EF7589B0013A0E4 /* tasks-template.md in Resources */,
				E66A537E2EF7589B0013A0E4 /* speckit.tasks.prompt.md in Resources */,
				E66A537F2EF7589B0013A0E4 /* speckit.implement.agent.md in Resources */,
				E66A53802EF7589B0013A0E4 /* agent-file-template.md in Resources */,
				E66A53812EF7589B0013A0E4 /* speckit.plan.agent.md in Resources */,
				E66A53822EF7589B0013A0E4 /* speckit.plan.prompt.md in Resources */,
				E66A53832EF7589B0013A0E4 /* speckit.implement.prompt.md in Resources */,
				E66A53842EF7589B0013A0E4 /* update-agent-context.sh in Resources */,
				E66A53852EF7589B0013A0E4 /* speckit.checklist.agent.md in Resources */,
				E66A53862EF7589B0013A0E4 /* speckit.checklist.prompt.md in Resources */,
				E66A53872EF7589B0013A0E4 /* speckit.taskstoissues.prompt.md in Resources */,
				E66A53882EF7589B0013A0E4 /* create-new-feature.sh in Resources */,
				E66A53892EF7589B0013A0E4 /* speckit.clarify.prompt.md in Resources */,
				E66A538A2EF7589B0013A0E4 /* checklist-template.md in Resources */,
				E66A538B2EF7589B0013A0E4 /* spec-template.md in Resources */,
				E66A538C2EF7589B0013A0E4 /* constitution.md in Resources */,
				E66A538D2EF7589B0013A0E4 /* speckit.clarify.agent.md in Resources */,
				E66A538E2EF7589B0013A0E4 /* speckit.taskstoissues.agent.md in Resources */,
				E66A538F2EF7589B0013A0E4 /* plan-template.md in Resources */,
				E66A53902EF7589B0013A0E4 /* common.sh in Resources */,
				E66A53912EF7589B0013A0E4 /* speckit.analyze.prompt.md in Resources */,
			);
			runOnlyForDeploymentPostprocessing = 0;
		};
		E66A53312EF757640013A0E4 /* Resources */ = {
			isa = PBXResourcesBuildPhase;
			buildActionMask = 2147483647;
			files = (
			);
			runOnlyForDeploymentPostprocessing = 0;
		};
		E66A533B2EF757640013A0E4 /* Resources */ = {
			isa = PBXResourcesBuildPhase;
			buildActionMask = 2147483647;
			files = (
			);
			runOnlyForDeploymentPostprocessing = 0;
		};
/* End PBXResourcesBuildPhase section */

/* Begin PBXSourcesBuildPhase section */
		E66A53222EF757630013A0E4 /* Sources */ = {
			isa = PBXSourcesBuildPhase;
			buildActionMask = 2147483647;
			files = (
			);
			runOnlyForDeploymentPostprocessing = 0;
		};
		E66A532F2EF757640013A0E4 /* Sources */ = {
			isa = PBXSourcesBuildPhase;
			buildActionMask = 2147483647;
			files = (
			);
			runOnlyForDeploymentPostprocessing = 0;
		};
		E66A53392EF757640013A0E4 /* Sources */ = {
			isa = PBXSourcesBuildPhase;
			buildActionMask = 2147483647;
			files = (
			);
			runOnlyForDeploymentPostprocessing = 0;
		};
/* End PBXSourcesBuildPhase section */

/* Begin PBXTargetDependency section */
		E66A53352EF757640013A0E4 /* PBXTargetDependency */ = {
			isa = PBXTargetDependency;
			target = E66A53252EF757630013A0E4 /* BumbumNaNuca */;
			targetProxy = E66A53342EF757640013A0E4 /* PBXContainerItemProxy */;
		};
		E66A533F2EF757640013A0E4 /* PBXTargetDependency */ = {
			isa = PBXTargetDependency;
			target = E66A53252EF757630013A0E4 /* BumbumNaNuca */;
			targetProxy = E66A533E2EF757640013A0E4 /* PBXContainerItemProxy */;
		};
/* End PBXTargetDependency section */

/* Begin XCBuildConfiguration section */
		E66A53452EF757640013A0E4 /* Debug */ = {
			isa = XCBuildConfiguration;
			buildSettings = {
				ALWAYS_SEARCH_USER_PATHS = NO;
				ASSETCATALOG_COMPILER_GENERATE_SWIFT_ASSET_SYMBOL_EXTENSIONS = YES;
				CLANG_ANALYZER_NONNULL = YES;
				CLANG_ANALYZER_NUMBER_OBJECT_CONVERSION = YES_AGGRESSIVE;
				CLANG_CXX_LANGUAGE_STANDARD = "gnu++20";
				CLANG_ENABLE_MODULES = YES;
				CLANG_ENABLE_OBJC_ARC = YES;
				CLANG_ENABLE_OBJC_WEAK = YES;
				CLANG_WARN_BLOCK_CAPTURE_AUTORELEASING = YES;
				CLANG_WARN_BOOL_CONVERSION = YES;
				CLANG_WARN_COMMA = YES;
				CLANG_WARN_CONSTANT_CONVERSION = YES;
				CLANG_WARN_DEPRECATED_OBJC_IMPLEMENTATIONS = YES;
				CLANG_WARN_DIRECT_OBJC_ISA_USAGE = YES_ERROR;
				CLANG_WARN_DOCUMENTATION_COMMENTS = YES;
				CLANG_WARN_EMPTY_BODY = YES;
				CLANG_WARN_ENUM_CONVERSION = YES;
				CLANG_WARN_INFINITE_RECURSION = YES;
				CLANG_WARN_INT_CONVERSION = YES;
				CLANG_WARN_NON_LITERAL_NULL_CONVERSION = YES;
				CLANG_WARN_OBJC_IMPLICIT_RETAIN_SELF = YES;
				CLANG_WARN_OBJC_LITERAL_CONVERSION = YES;
				CLANG_WARN_OBJC_ROOT_CLASS = YES_ERROR;
				CLANG_WARN_QUOTED_INCLUDE_IN_FRAMEWORK_HEADER = YES;
				CLANG_WARN_RANGE_LOOP_ANALYSIS = YES;
				CLANG_WARN_STRICT_PROTOTYPES = YES;
				CLANG_WARN_SUSPICIOUS_MOVE = YES;
				CLANG_WARN_UNGUARDED_AVAILABILITY = YES_AGGRESSIVE;
				CLANG_WARN_UNREACHABLE_CODE = YES;
				CLANG_WARN__DUPLICATE_METHOD_MATCH = YES;
				COPY_PHASE_STRIP = NO;
				DEBUG_INFORMATION_FORMAT = dwarf;
				DEVELOPMENT_TEAM = 9A8JUJ4K6L;
				ENABLE_STRICT_OBJC_MSGSEND = YES;
				ENABLE_TESTABILITY = YES;
				ENABLE_USER_SCRIPT_SANDBOXING = YES;
				GCC_C_LANGUAGE_STANDARD = gnu17;
				GCC_DYNAMIC_NO_PIC = NO;
				GCC_NO_COMMON_BLOCKS = YES;
				GCC_OPTIMIZATION_LEVEL = 0;
				GCC_PREPROCESSOR_DEFINITIONS = (
					"DEBUG=1",
					"$(inherited)",
				);
				GCC_WARN_64_TO_32_BIT_CONVERSION = YES;
				GCC_WARN_ABOUT_RETURN_TYPE = YES_ERROR;
				GCC_WARN_UNDECLARED_SELECTOR = YES;
				GCC_WARN_UNINITIALIZED_AUTOS = YES_AGGRESSIVE;
				GCC_WARN_UNUSED_FUNCTION = YES;
				GCC_WARN_UNUSED_VARIABLE = YES;
				IPHONEOS_DEPLOYMENT_TARGET = 17.0;
				LOCALIZATION_PREFERS_STRING_CATALOGS = YES;
				MTL_ENABLE_DEBUG_INFO = INCLUDE_SOURCE;
				MTL_FAST_MATH = YES;
				ONLY_ACTIVE_ARCH = YES;
				SDKROOT = iphoneos;
				SWIFT_ACTIVE_COMPILATION_CONDITIONS = "DEBUG $(inherited)";
				SWIFT_OPTIMIZATION_LEVEL = "-Onone";
			};
			name = Debug;
		};
		E66A53462EF757640013A0E4 /* Release */ = {
			isa = XCBuildConfiguration;
			buildSettings = {
				ALWAYS_SEARCH_USER_PATHS = NO;
				ASSETCATALOG_COMPILER_GENERATE_SWIFT_ASSET_SYMBOL_EXTENSIONS = YES;
				CLANG_ANALYZER_NONNULL = YES;
				CLANG_ANALYZER_NUMBER_OBJECT_CONVERSION = YES_AGGRESSIVE;
				CLANG_CXX_LANGUAGE_STANDARD = "gnu++20";
				CLANG_ENABLE_MODULES = YES;
				CLANG_ENABLE_OBJC_ARC = YES;
				CLANG_ENABLE_OBJC_WEAK = YES;
				CLANG_WARN_BLOCK_CAPTURE_AUTORELEASING = YES;
				CLANG_WARN_BOOL_CONVERSION = YES;
				CLANG_WARN_COMMA = YES;
				CLANG_WARN_CONSTANT_CONVERSION = YES;
				CLANG_WARN_DEPRECATED_OBJC_IMPLEMENTATIONS = YES;
				CLANG_WARN_DIRECT_OBJC_ISA_USAGE = YES_ERROR;
				CLANG_WARN_DOCUMENTATION_COMMENTS = YES;
				CLANG_WARN_EMPTY_BODY = YES;
				CLANG_WARN_ENUM_CONVERSION = YES;
				CLANG_WARN_INFINITE_RECURSION = YES;
				CLANG_WARN_INT_CONVERSION = YES;
				CLANG_WARN_NON_LITERAL_NULL_CONVERSION = YES;
				CLANG_WARN_OBJC_IMPLICIT_RETAIN_SELF = YES;
				CLANG_WARN_OBJC_LITERAL_CONVERSION = YES;
				CLANG_WARN_OBJC_ROOT_CLASS = YES_ERROR;
				CLANG_WARN_QUOTED_INCLUDE_IN_FRAMEWORK_HEADER = YES;
				CLANG_WARN_RANGE_LOOP_ANALYSIS = YES;
				CLANG_WARN_STRICT_PROTOTYPES = YES;
				CLANG_WARN_SUSPICIOUS_MOVE = YES;
				CLANG_WARN_UNGUARDED_AVAILABILITY = YES_AGGRESSIVE;
				CLANG_WARN_UNREACHABLE_CODE = YES;
				CLANG_WARN__DUPLICATE_METHOD_MATCH = YES;
				COPY_PHASE_STRIP = NO;
				DEBUG_INFORMATION_FORMAT = "dwarf-with-dsym";
				DEVELOPMENT_TEAM = 9A8JUJ4K6L;
				ENABLE_NS_ASSERTIONS = NO;
				ENABLE_STRICT_OBJC_MSGSEND = YES;
				ENABLE_USER_SCRIPT_SANDBOXING = YES;
				GCC_C_LANGUAGE_STANDARD = gnu17;
				GCC_NO_COMMON_BLOCKS = YES;
				GCC_WARN_64_TO_32_BIT_CONVERSION = YES;
				GCC_WARN_ABOUT_RETURN_TYPE = YES_ERROR;
				GCC_WARN_UNDECLARED_SELECTOR = YES;
				GCC_WARN_UNINITIALIZED_AUTOS = YES_AGGRESSIVE;
				GCC_WARN_UNUSED_FUNCTION = YES;
				GCC_WARN_UNUSED_VARIABLE = YES;
				IPHONEOS_DEPLOYMENT_TARGET = 17.0;
				LOCALIZATION_PREFERS_STRING_CATALOGS = YES;
				MTL_ENABLE_DEBUG_INFO = NO;
				MTL_FAST_MATH = YES;
				SDKROOT = iphoneos;
				SWIFT_COMPILATION_MODE = wholemodule;
				VALIDATE_PRODUCT = YES;
			};
			name = Release;
		};
		E66A53482EF757640013A0E4 /* Debug */ = {
			isa = XCBuildConfiguration;
			buildSettings = {
				ASSETCATALOG_COMPILER_APPICON_NAME = AppIcon;
				ASSETCATALOG_COMPILER_GLOBAL_ACCENT_COLOR_NAME = AccentColor;
				CODE_SIGN_STYLE = Automatic;
				CURRENT_PROJECT_VERSION = 1;
				DEVELOPMENT_TEAM = 9A8JUJ4K6L;
				ENABLE_PREVIEWS = YES;
				GENERATE_INFOPLIST_FILE = YES;
				INFOPLIST_KEY_UIApplicationSceneManifest_Generation = YES;
				INFOPLIST_KEY_UIApplicationSupportsIndirectInputEvents = YES;
				INFOPLIST_KEY_UILaunchScreen_Generation = YES;
				INFOPLIST_KEY_UISupportedInterfaceOrientations_iPad = "UIInterfaceOrientationPortrait UIInterfaceOrientationPortraitUpsideDown UIInterfaceOrientationLandscapeLeft UIInterfaceOrientationLandscapeRight";
				INFOPLIST_KEY_UISupportedInterfaceOrientations_iPhone = "UIInterfaceOrientationPortrait UIInterfaceOrientationLandscapeLeft UIInterfaceOrientationLandscapeRight";
				LD_RUNPATH_SEARCH_PATHS = (
					"$(inherited)",
					"@executable_path/Frameworks",
				);
				MARKETING_VERSION = 1.0;
				PRODUCT_BUNDLE_IDENTIFIER = wagnerDuarte.BumbumNaNuca;
				PRODUCT_NAME = "$(TARGET_NAME)";
				STRING_CATALOG_GENERATE_SYMBOLS = YES;
				SWIFT_APPROACHABLE_CONCURRENCY = YES;
				SWIFT_DEFAULT_ACTOR_ISOLATION = MainActor;
				SWIFT_EMIT_LOC_STRINGS = YES;
				SWIFT_UPCOMING_FEATURE_MEMBER_IMPORT_VISIBILITY = YES;
				SWIFT_VERSION = 5.9;
				TARGETED_DEVICE_FAMILY = "1,2";
			};
			name = Debug;
		};
		E66A53492EF757640013A0E4 /* Release */ = {
			isa = XCBuildConfiguration;
			buildSettings = {
				ASSETCATALOG_COMPILER_APPICON_NAME = AppIcon;
				ASSETCATALOG_COMPILER_GLOBAL_ACCENT_COLOR_NAME = AccentColor;
				CODE_SIGN_STYLE = Automatic;
				CURRENT_PROJECT_VERSION = 1;
				DEVELOPMENT_TEAM = 9A8JUJ4K6L;
				ENABLE_PREVIEWS = YES;
				GENERATE_INFOPLIST_FILE = YES;
				INFOPLIST_KEY_UIApplicationSceneManifest_Generation = YES;
				INFOPLIST_KEY_UIApplicationSupportsIndirectInputEvents = YES;
				INFOPLIST_KEY_UILaunchScreen_Generation = YES;
				INFOPLIST_KEY_UISupportedInterfaceOrientations_iPad = "UIInterfaceOrientationPortrait UIInterfaceOrientationPortraitUpsideDown UIInterfaceOrientationLandscapeLeft UIInterfaceOrientationLandscapeRight";
				INFOPLIST_KEY_UISupportedInterfaceOrientations_iPhone = "UIInterfaceOrientationPortrait UIInterfaceOrientationLandscapeLeft UIInterfaceOrientationLandscapeRight";
				LD_RUNPATH_SEARCH_PATHS = (
					"$(inherited)",
					"@executable_path/Frameworks",
				);
				MARKETING_VERSION = 1.0;
				PRODUCT_BUNDLE_IDENTIFIER = wagnerDuarte.BumbumNaNuca;
				PRODUCT_NAME = "$(TARGET_NAME)";
				STRING_CATALOG_GENERATE_SYMBOLS = YES;
				SWIFT_APPROACHABLE_CONCURRENCY = YES;
				SWIFT_DEFAULT_ACTOR_ISOLATION = MainActor;
				SWIFT_EMIT_LOC_STRINGS = YES;
				SWIFT_UPCOMING_FEATURE_MEMBER_IMPORT_VISIBILITY = YES;
				SWIFT_VERSION = 5.9;
				TARGETED_DEVICE_FAMILY = "1,2";
			};
			name = Release;
		};
		E66A534B2EF757640013A0E4 /* Debug */ = {
			isa = XCBuildConfiguration;
			buildSettings = {
				BUNDLE_LOADER = "$(TEST_HOST)";
				CODE_SIGN_STYLE = Automatic;
				CURRENT_PROJECT_VERSION = 1;
				DEVELOPMENT_TEAM = 9A8JUJ4K6L;
				GENERATE_INFOPLIST_FILE = YES;
				IPHONEOS_DEPLOYMENT_TARGET = 17.0;
				MARKETING_VERSION = 1.0;
				PRODUCT_BUNDLE_IDENTIFIER = wagnerDuarte.BumbumNaNucaTests;
				PRODUCT_NAME = "$(TARGET_NAME)";
				STRING_CATALOG_GENERATE_SYMBOLS = NO;
				SWIFT_APPROACHABLE_CONCURRENCY = YES;
				SWIFT_EMIT_LOC_STRINGS = NO;
				SWIFT_UPCOMING_FEATURE_MEMBER_IMPORT_VISIBILITY = YES;
				SWIFT_VERSION = 5.9;
				TARGETED_DEVICE_FAMILY = "1,2";
				TEST_HOST = "$(BUILT_PRODUCTS_DIR)/BumbumNaNuca.app/$(BUNDLE_EXECUTABLE_FOLDER_PATH)/BumbumNaNuca";
			};
			name = Debug;
		};
		E66A534C2EF757640013A0E4 /* Release */ = {
			isa = XCBuildConfiguration;
			buildSettings = {
				BUNDLE_LOADER = "$(TEST_HOST)";
				CODE_SIGN_STYLE = Automatic;
				CURRENT_PROJECT_VERSION = 1;
				DEVELOPMENT_TEAM = 9A8JUJ4K6L;
				GENERATE_INFOPLIST_FILE = YES;
				IPHONEOS_DEPLOYMENT_TARGET = 17.0;
				MARKETING_VERSION = 1.0;
				PRODUCT_BUNDLE_IDENTIFIER = wagnerDuarte.BumbumNaNucaTests;
				PRODUCT_NAME = "$(TARGET_NAME)";
				STRING_CATALOG_GENERATE_SYMBOLS = NO;
				SWIFT_APPROACHABLE_CONCURRENCY = YES;
				SWIFT_EMIT_LOC_STRINGS = NO;
				SWIFT_UPCOMING_FEATURE_MEMBER_IMPORT_VISIBILITY = YES;
				SWIFT_VERSION = 5.9;
				TARGETED_DEVICE_FAMILY = "1,2";
				TEST_HOST = "$(BUILT_PRODUCTS_DIR)/BumbumNaNuca.app/$(BUNDLE_EXECUTABLE_FOLDER_PATH)/BumbumNaNuca";
			};
			name = Release;
		};
		E66A534E2EF757640013A0E4 /* Debug */ = {
			isa = XCBuildConfiguration;
			buildSettings = {
				CODE_SIGN_STYLE = Automatic;
				CURRENT_PROJECT_VERSION = 1;
				DEVELOPMENT_TEAM = 9A8JUJ4K6L;
				GENERATE_INFOPLIST_FILE = YES;
				MARKETING_VERSION = 1.0;
				PRODUCT_BUNDLE_IDENTIFIER = wagnerDuarte.BumbumNaNucaUITests;
				PRODUCT_NAME = "$(TARGET_NAME)";
				STRING_CATALOG_GENERATE_SYMBOLS = NO;
				SWIFT_APPROACHABLE_CONCURRENCY = YES;
				SWIFT_EMIT_LOC_STRINGS = NO;
				SWIFT_UPCOMING_FEATURE_MEMBER_IMPORT_VISIBILITY = YES;
				SWIFT_VERSION = 5.9;
				TARGETED_DEVICE_FAMILY = "1,2";
				TEST_TARGET_NAME = BumbumNaNuca;
			};
			name = Debug;
		};
		E66A534F2EF757640013A0E4 /* Release */ = {
			isa = XCBuildConfiguration;
			buildSettings = {
				CODE_SIGN_STYLE = Automatic;
				CURRENT_PROJECT_VERSION = 1;
				DEVELOPMENT_TEAM = 9A8JUJ4K6L;
				GENERATE_INFOPLIST_FILE = YES;
				MARKETING_VERSION = 1.0;
				PRODUCT_BUNDLE_IDENTIFIER = wagnerDuarte.BumbumNaNucaUITests;
				PRODUCT_NAME = "$(TARGET_NAME)";
				STRING_CATALOG_GENERATE_SYMBOLS = NO;
				SWIFT_APPROACHABLE_CONCURRENCY = YES;
				SWIFT_EMIT_LOC_STRINGS = NO;
				SWIFT_UPCOMING_FEATURE_MEMBER_IMPORT_VISIBILITY = YES;
				SWIFT_VERSION = 5.9;
				TARGETED_DEVICE_FAMILY = "1,2";
				TEST_TARGET_NAME = BumbumNaNuca;
			};
			name = Release;
		};
/* End XCBuildConfiguration section */

/* Begin XCConfigurationList section */
		E66A53212EF757630013A0E4 /* Build configuration list for PBXProject "BumbumNaNuca" */ = {
			isa = XCConfigurationList;
			buildConfigurations = (
				E66A53452EF757640013A0E4 /* Debug */,
				E66A53462EF757640013A0E4 /* Release */,
			);
			defaultConfigurationIsVisible = 0;
			defaultConfigurationName = Release;
		};
		E66A53472EF757640013A0E4 /* Build configuration list for PBXNativeTarget "BumbumNaNuca" */ = {
			isa = XCConfigurationList;
			buildConfigurations = (
				E66A53482EF757640013A0E4 /* Debug */,
				E66A53492EF757640013A0E4 /* Release */,
			);
			defaultConfigurationIsVisible = 0;
			defaultConfigurationName = Release;
		};
		E66A534A2EF757640013A0E4 /* Build configuration list for PBXNativeTarget "BumbumNaNucaTests" */ = {
			isa = XCConfigurationList;
			buildConfigurations = (
				E66A534B2EF757640013A0E4 /* Debug */,
				E66A534C2EF757640013A0E4 /* Release */,
			);
			defaultConfigurationIsVisible = 0;
			defaultConfigurationName = Release;
		};
		E66A534D2EF757640013A0E4 /* Build configuration list for PBXNativeTarget "BumbumNaNucaUITests" */ = {
			isa = XCConfigurationList;
			buildConfigurations = (
				E66A534E2EF757640013A0E4 /* Debug */,
				E66A534F2EF757640013A0E4 /* Release */,
			);
			defaultConfigurationIsVisible = 0;
			defaultConfigurationName = Release;
		};
/* End XCConfigurationList section */
	};
	rootObject = E66A531E2EF757630013A0E4 /* Project object */;
}
